
Microsoft Visual Studio Solution File, Format Version 12.00
# Visual Studio 2012
Project("{F184B08F-C81C-45F6-A57F-5ABD9991F28F}") = "Ventrian.PropertyAgent", "Ventrian.PropertyAgent.vbproj", "{57AD424D-D2A3-440F-8FA8-4B2B03B95545}"
EndProject
Project("{FAE04EC0-301F-11D3-BF4B-00C04F79EFBC}") = "Ventrian.PropertyAgentMobile", "..\PropertyAgentMobile\Ventrian.PropertyAgentMobile.csproj", "{44DE8467-4850-4DA4-B484-0D38B2478BF4}"
EndProject
Project("{F184B08F-C81C-45F6-A57F-5ABD9991F28F}") = "Ventrian.PropertyAgent.SqlDataProvider", "Providers\DataProviders\SqlDataProvider\Ventrian.PropertyAgent.SqlDataProvider.vbproj", "{67DCBC81-4B76-4AC1-952F-D4174626A3D3}"
EndProject
Global
	GlobalSection(SolutionConfigurationPlatforms) = preSolution
		Debug|Any CPU = Debug|Any CPU
		Release|Any CPU = Release|Any CPU
	EndGlobalSection
	GlobalSection(ProjectConfigurationPlatforms) = postSolution
		{57AD424D-D2A3-440F-8FA8-4B2B03B95545}.Debug|Any CPU.ActiveCfg = Debug|Any CPU
		{57AD424D-D2A3-440F-8FA8-4B2B03B95545}.Debug|Any CPU.Build.0 = Debug|Any CPU
		{57AD424D-D2A3-440F-8FA8-4B2B03B95545}.Release|Any CPU.ActiveCfg = Release|Any CPU
		{57AD424D-D2A3-440F-8FA8-4B2B03B95545}.Release|Any CPU.Build.0 = Release|Any CPU
		{44DE8467-4850-4DA4-B484-0D38B2478BF4}.Debug|Any CPU.ActiveCfg = Debug|Any CPU
		{44DE8467-4850-4DA4-B484-0D38B2478BF4}.Debug|Any CPU.Build.0 = Debug|Any CPU
		{44DE8467-4850-4DA4-B484-0D38B2478BF4}.Release|Any CPU.ActiveCfg = Release|Any CPU
		{44DE8467-4850-4DA4-B484-0D38B2478BF4}.Release|Any CPU.Build.0 = Release|Any CPU
		{67DCBC81-4B76-4AC1-952F-D4174626A3D3}.Debug|Any CPU.ActiveCfg = Debug|Any CPU
		{67DCBC81-4B76-4AC1-952F-D4174626A3D3}.Debug|Any CPU.Build.0 = Debug|Any CPU
		{67DCBC81-4B76-4AC1-952F-D4174626A3D3}.Release|Any CPU.ActiveCfg = Release|Any CPU
		{67DCBC81-4B76-4AC1-952F-D4174626A3D3}.Release|Any CPU.Build.0 = Release|Any CPU
	EndGlobalSection
	GlobalSection(SolutionProperties) = preSolution
		HideSolutionNode = FALSE
	EndGlobalSection
EndGlobal
